// !$*UTF8*$!
{
	archiveVersion = 1;
	classes = {
	};
	objectVersion = 56;
	objects = {

/* Begin PBXBuildFile section */
		0B93E1DA2B70434900B099B2 /* GoogleService-Info.plist in Resources */ = {isa = PBXBuildFile; fileRef = 0B93E1D92B70434800B099B2 /* GoogleService-Info.plist */; };
		0B93E2502B7063DD00B099B2 /* FirebaseAnalytics in Frameworks */ = {isa = PBXBuildFile; productRef = 0B93E24F2B7063DD00B099B2 /* FirebaseAnalytics */; };
		0B93E2522B7063DD00B099B2 /* FirebaseAnalyticsOnDeviceConversion in Frameworks */ = {isa = PBXBuildFile; productRef = 0B93E2512B7063DD00B099B2 /* FirebaseAnalyticsOnDeviceConversion */; };
		0B93E2542B7063DD00B099B2 /* FirebaseAnalyticsSwift in Frameworks */ = {isa = PBXBuildFile; productRef = 0B93E2532B7063DD00B099B2 /* FirebaseAnalyticsSwift */; };
		0B93E2562B7063DD00B099B2 /* FirebaseAnalyticsWithoutAdIdSupport in Frameworks */ = {isa = PBXBuildFile; productRef = 0B93E2552B7063DD00B099B2 /* FirebaseAnalyticsWithoutAdIdSupport */; };
		0B93E2582B7063DD00B099B2 /* FirebaseAppCheck in Frameworks */ = {isa = PBXBuildFile; productRef = 0B93E2572B7063DD00B099B2 /* FirebaseAppCheck */; };
		0B93E25A2B7063DD00B099B2 /* FirebaseAppDistribution-Beta in Frameworks */ = {isa = PBXBuildFile; productRef = 0B93E2592B7063DD00B099B2 /* FirebaseAppDistribution-Beta */; };
		0B93E25C2B7063DD00B099B2 /* FirebaseAuth in Frameworks */ = {isa = PBXBuildFile; productRef = 0B93E25B2B7063DD00B099B2 /* FirebaseAuth */; };
		0B93E25E2B7063DD00B099B2 /* FirebaseAuthCombine-Community in Frameworks */ = {isa = PBXBuildFile; productRef = 0B93E25D2B7063DD00B099B2 /* FirebaseAuthCombine-Community */; };
		0B93E2602B7063DD00B099B2 /* FirebaseCrashlytics in Frameworks */ = {isa = PBXBuildFile; productRef = 0B93E25F2B7063DD00B099B2 /* FirebaseCrashlytics */; };
		0B93E2622B7063DD00B099B2 /* FirebaseDatabase in Frameworks */ = {isa = PBXBuildFile; productRef = 0B93E2612B7063DD00B099B2 /* FirebaseDatabase */; };
		0B93E2642B7063DD00B099B2 /* FirebaseDatabaseSwift in Frameworks */ = {isa = PBXBuildFile; productRef = 0B93E2632B7063DD00B099B2 /* FirebaseDatabaseSwift */; };
		0B93E2662B7063DD00B099B2 /* FirebaseDynamicLinks in Frameworks */ = {isa = PBXBuildFile; productRef = 0B93E2652B7063DD00B099B2 /* FirebaseDynamicLinks */; };
		0B93E2682B7063DD00B099B2 /* FirebaseFirestore in Frameworks */ = {isa = PBXBuildFile; productRef = 0B93E2672B7063DD00B099B2 /* FirebaseFirestore */; };
		0B93E26A2B7063DD00B099B2 /* FirebaseFirestoreCombine-Community in Frameworks */ = {isa = PBXBuildFile; productRef = 0B93E2692B7063DD00B099B2 /* FirebaseFirestoreCombine-Community */; };
		0B93E26C2B7063DD00B099B2 /* FirebaseFirestoreSwift in Frameworks */ = {isa = PBXBuildFile; productRef = 0B93E26B2B7063DD00B099B2 /* FirebaseFirestoreSwift */; };
		0B93E26E2B7063DD00B099B2 /* FirebaseFunctions in Frameworks */ = {isa = PBXBuildFile; productRef = 0B93E26D2B7063DD00B099B2 /* FirebaseFunctions */; };
		0B93E2702B7063DD00B099B2 /* FirebaseFunctionsCombine-Community in Frameworks */ = {isa = PBXBuildFile; productRef = 0B93E26F2B7063DD00B099B2 /* FirebaseFunctionsCombine-Community */; };
		0B93E2722B7063DD00B099B2 /* FirebaseInAppMessaging-Beta in Frameworks */ = {isa = PBXBuildFile; productRef = 0B93E2712B7063DD00B099B2 /* FirebaseInAppMessaging-Beta */; };
		0B93E2742B7063DD00B099B2 /* FirebaseInAppMessagingSwift-Beta in Frameworks */ = {isa = PBXBuildFile; productRef = 0B93E2732B7063DD00B099B2 /* FirebaseInAppMessagingSwift-Beta */; };
		0B93E2762B7063DD00B099B2 /* FirebaseInstallations in Frameworks */ = {isa = PBXBuildFile; productRef = 0B93E2752B7063DD00B099B2 /* FirebaseInstallations */; };
		0B93E2782B7063DD00B099B2 /* FirebaseMLModelDownloader in Frameworks */ = {isa = PBXBuildFile; productRef = 0B93E2772B7063DD00B099B2 /* FirebaseMLModelDownloader */; };
		0B93E27A2B7063DD00B099B2 /* FirebaseMessaging in Frameworks */ = {isa = PBXBuildFile; productRef = 0B93E2792B7063DD00B099B2 /* FirebaseMessaging */; };
		0B93E27C2B7063DD00B099B2 /* FirebasePerformance in Frameworks */ = {isa = PBXBuildFile; productRef = 0B93E27B2B7063DD00B099B2 /* FirebasePerformance */; };
		0B93E27E2B7063DD00B099B2 /* FirebaseRemoteConfig in Frameworks */ = {isa = PBXBuildFile; productRef = 0B93E27D2B7063DD00B099B2 /* FirebaseRemoteConfig */; };
		0B93E2802B7063DD00B099B2 /* FirebaseRemoteConfigSwift in Frameworks */ = {isa = PBXBuildFile; productRef = 0B93E27F2B7063DD00B099B2 /* FirebaseRemoteConfigSwift */; };
		0B93E2822B7063DD00B099B2 /* FirebaseStorage in Frameworks */ = {isa = PBXBuildFile; productRef = 0B93E2812B7063DD00B099B2 /* FirebaseStorage */; };
		0B93E2842B7063DD00B099B2 /* FirebaseStorageCombine-Community in Frameworks */ = {isa = PBXBuildFile; productRef = 0B93E2832B7063DD00B099B2 /* FirebaseStorageCombine-Community */; };
		0B93E2882B70687F00B099B2 /* Login.swift in Sources */ = {isa = PBXBuildFile; fileRef = 0B93E2872B70687F00B099B2 /* Login.swift */; };
		0BCEEE3C2B7030B2000520A4 /* VelvetApp.swift in Sources */ = {isa = PBXBuildFile; fileRef = 0BCEEE3B2B7030B2000520A4 /* VelvetApp.swift */; };
		0BCEEE3E2B7030B2000520A4 /* ContentView.swift in Sources */ = {isa = PBXBuildFile; fileRef = 0BCEEE3D2B7030B2000520A4 /* ContentView.swift */; };
		0BCEEE402B7030B4000520A4 /* Assets.xcassets in Resources */ = {isa = PBXBuildFile; fileRef = 0BCEEE3F2B7030B4000520A4 /* Assets.xcassets */; };
		0BCEEE432B7030B4000520A4 /* Preview Assets.xcassets in Resources */ = {isa = PBXBuildFile; fileRef = 0BCEEE422B7030B4000520A4 /* Preview Assets.xcassets */; };
		95EFB6902B77F4A600EB94D4 /* JobHome.swift in Sources */ = {isa = PBXBuildFile; fileRef = 95EFB68F2B77F4A600EB94D4 /* JobHome.swift */; };
		95EFB6922B77F4B100EB94D4 /* JobDetailView.swift in Sources */ = {isa = PBXBuildFile; fileRef = 95EFB6912B77F4B100EB94D4 /* JobDetailView.swift */; };
/* End PBXBuildFile section */

/* Begin PBXFileReference section */
		0B93E1D92B70434800B099B2 /* GoogleService-Info.plist */ = {isa = PBXFileReference; fileEncoding = 4; lastKnownFileType = text.plist.xml; path = "GoogleService-Info.plist"; sourceTree = "<group>"; };
		0B93E2872B70687F00B099B2 /* Login.swift */ = {isa = PBXFileReference; lastKnownFileType = sourcecode.swift; path = Login.swift; sourceTree = "<group>"; };
		0BCEEE382B7030B2000520A4 /* Velvet.app */ = {isa = PBXFileReference; explicitFileType = wrapper.application; includeInIndex = 0; path = Velvet.app; sourceTree = BUILT_PRODUCTS_DIR; };
		0BCEEE3B2B7030B2000520A4 /* VelvetApp.swift */ = {isa = PBXFileReference; lastKnownFileType = sourcecode.swift; path = VelvetApp.swift; sourceTree = "<group>"; };
		0BCEEE3D2B7030B2000520A4 /* ContentView.swift */ = {isa = PBXFileReference; lastKnownFileType = sourcecode.swift; path = ContentView.swift; sourceTree = "<group>"; };
		0BCEEE3F2B7030B4000520A4 /* Assets.xcassets */ = {isa = PBXFileReference; lastKnownFileType = folder.assetcatalog; path = Assets.xcassets; sourceTree = "<group>"; };
		0BCEEE422B7030B4000520A4 /* Preview Assets.xcassets */ = {isa = PBXFileReference; lastKnownFileType = folder.assetcatalog; path = "Preview Assets.xcassets"; sourceTree = "<group>"; };
		95EFB68F2B77F4A600EB94D4 /* JobHome.swift */ = {isa = PBXFileReference; lastKnownFileType = sourcecode.swift; path = JobHome.swift; sourceTree = "<group>"; };
		95EFB6912B77F4B100EB94D4 /* JobDetailView.swift */ = {isa = PBXFileReference; lastKnownFileType = sourcecode.swift; path = JobDetailView.swift; sourceTree = "<group>"; };
/* End PBXFileReference section */

/* Begin PBXFrameworksBuildPhase section */
		0BCEEE352B7030B2000520A4 /* Frameworks */ = {
			isa = PBXFrameworksBuildPhase;
			buildActionMask = 2147483647;
			files = (
				0B93E2622B7063DD00B099B2 /* FirebaseDatabase in Frameworks */,
				0B93E2702B7063DD00B099B2 /* FirebaseFunctionsCombine-Community in Frameworks */,
				0B93E2682B7063DD00B099B2 /* FirebaseFirestore in Frameworks */,
				0B93E2542B7063DD00B099B2 /* FirebaseAnalyticsSwift in Frameworks */,
				0B93E2502B7063DD00B099B2 /* FirebaseAnalytics in Frameworks */,
				0B93E2522B7063DD00B099B2 /* FirebaseAnalyticsOnDeviceConversion in Frameworks */,
				0B93E2782B7063DD00B099B2 /* FirebaseMLModelDownloader in Frameworks */,
				0B93E26C2B7063DD00B099B2 /* FirebaseFirestoreSwift in Frameworks */,
				0B93E2582B7063DD00B099B2 /* FirebaseAppCheck in Frameworks */,
				0B93E2562B7063DD00B099B2 /* FirebaseAnalyticsWithoutAdIdSupport in Frameworks */,
				0B93E25C2B7063DD00B099B2 /* FirebaseAuth in Frameworks */,
				0B93E2602B7063DD00B099B2 /* FirebaseCrashlytics in Frameworks */,
				0B93E2802B7063DD00B099B2 /* FirebaseRemoteConfigSwift in Frameworks */,
				0B93E2722B7063DD00B099B2 /* FirebaseInAppMessaging-Beta in Frameworks */,
				0B93E2642B7063DD00B099B2 /* FirebaseDatabaseSwift in Frameworks */,
				0B93E26E2B7063DD00B099B2 /* FirebaseFunctions in Frameworks */,
				0B93E2842B7063DD00B099B2 /* FirebaseStorageCombine-Community in Frameworks */,
				0B93E27E2B7063DD00B099B2 /* FirebaseRemoteConfig in Frameworks */,
				0B93E25A2B7063DD00B099B2 /* FirebaseAppDistribution-Beta in Frameworks */,
				0B93E25E2B7063DD00B099B2 /* FirebaseAuthCombine-Community in Frameworks */,
				0B93E27C2B7063DD00B099B2 /* FirebasePerformance in Frameworks */,
				0B93E2742B7063DD00B099B2 /* FirebaseInAppMessagingSwift-Beta in Frameworks */,
				0B93E2822B7063DD00B099B2 /* FirebaseStorage in Frameworks */,
				0B93E2662B7063DD00B099B2 /* FirebaseDynamicLinks in Frameworks */,
				0B93E26A2B7063DD00B099B2 /* FirebaseFirestoreCombine-Community in Frameworks */,
				0B93E27A2B7063DD00B099B2 /* FirebaseMessaging in Frameworks */,
				0B93E2762B7063DD00B099B2 /* FirebaseInstallations in Frameworks */,
			);
			runOnlyForDeploymentPostprocessing = 0;
		};
/* End PBXFrameworksBuildPhase section */

/* Begin PBXGroup section */
		0BCEEE2F2B7030B2000520A4 = {
			isa = PBXGroup;
			children = (
				0BCEEE3A2B7030B2000520A4 /* Velvet */,
				0BCEEE392B7030B2000520A4 /* Products */,
			);
			sourceTree = "<group>";
		};
		0BCEEE392B7030B2000520A4 /* Products */ = {
			isa = PBXGroup;
			children = (
				0BCEEE382B7030B2000520A4 /* Velvet.app */,
			);
			name = Products;
			sourceTree = "<group>";
		};
		0BCEEE3A2B7030B2000520A4 /* Velvet */ = {
			isa = PBXGroup;
			children = (
				0BCEEE3B2B7030B2000520A4 /* VelvetApp.swift */,
				0BCEEE3D2B7030B2000520A4 /* ContentView.swift */,
				0B93E2872B70687F00B099B2 /* Login.swift */,
				95EFB68F2B77F4A600EB94D4 /* JobHome.swift */,
				95EFB6912B77F4B100EB94D4 /* JobDetailView.swift */,
				0BCEEE3F2B7030B4000520A4 /* Assets.xcassets */,
				0B93E1D92B70434800B099B2 /* GoogleService-Info.plist */,
				0BCEEE412B7030B4000520A4 /* Preview Content */,
			);
			path = Velvet;
			sourceTree = "<group>";
		};
		0BCEEE412B7030B4000520A4 /* Preview Content */ = {
			isa = PBXGroup;
			children = (
				0BCEEE422B7030B4000520A4 /* Preview Assets.xcassets */,
			);
			path = "Preview Content";
			sourceTree = "<group>";
		};
/* End PBXGroup section */

/* Begin PBXNativeTarget section */
		0BCEEE372B7030B2000520A4 /* Velvet */ = {
			isa = PBXNativeTarget;
			buildConfigurationList = 0BCEEE462B7030B4000520A4 /* Build configuration list for PBXNativeTarget "Velvet" */;
			buildPhases = (
				0BCEEE342B7030B2000520A4 /* Sources */,
				0BCEEE352B7030B2000520A4 /* Frameworks */,
				0BCEEE362B7030B2000520A4 /* Resources */,
			);
			buildRules = (
			);
			dependencies = (
			);
			name = Velvet;
			packageProductDependencies = (
				0B93E24F2B7063DD00B099B2 /* FirebaseAnalytics */,
				0B93E2512B7063DD00B099B2 /* FirebaseAnalyticsOnDeviceConversion */,
				0B93E2532B7063DD00B099B2 /* FirebaseAnalyticsSwift */,
				0B93E2552B7063DD00B099B2 /* FirebaseAnalyticsWithoutAdIdSupport */,
				0B93E2572B7063DD00B099B2 /* FirebaseAppCheck */,
				0B93E2592B7063DD00B099B2 /* FirebaseAppDistribution-Beta */,
				0B93E25B2B7063DD00B099B2 /* FirebaseAuth */,
				0B93E25D2B7063DD00B099B2 /* FirebaseAuthCombine-Community */,
				0B93E25F2B7063DD00B099B2 /* FirebaseCrashlytics */,
				0B93E2612B7063DD00B099B2 /* FirebaseDatabase */,
				0B93E2632B7063DD00B099B2 /* FirebaseDatabaseSwift */,
				0B93E2652B7063DD00B099B2 /* FirebaseDynamicLinks */,
				0B93E2672B7063DD00B099B2 /* FirebaseFirestore */,
				0B93E2692B7063DD00B099B2 /* FirebaseFirestoreCombine-Community */,
				0B93E26B2B7063DD00B099B2 /* FirebaseFirestoreSwift */,
				0B93E26D2B7063DD00B099B2 /* FirebaseFunctions */,
				0B93E26F2B7063DD00B099B2 /* FirebaseFunctionsCombine-Community */,
				0B93E2712B7063DD00B099B2 /* FirebaseInAppMessaging-Beta */,
				0B93E2732B7063DD00B099B2 /* FirebaseInAppMessagingSwift-Beta */,
				0B93E2752B7063DD00B099B2 /* FirebaseInstallations */,
				0B93E2772B7063DD00B099B2 /* FirebaseMLModelDownloader */,
				0B93E2792B7063DD00B099B2 /* FirebaseMessaging */,
				0B93E27B2B7063DD00B099B2 /* FirebasePerformance */,
				0B93E27D2B7063DD00B099B2 /* FirebaseRemoteConfig */,
				0B93E27F2B7063DD00B099B2 /* FirebaseRemoteConfigSwift */,
				0B93E2812B7063DD00B099B2 /* FirebaseStorage */,
				0B93E2832B7063DD00B099B2 /* FirebaseStorageCombine-Community */,
			);
			productName = Velvet;
			productReference = 0BCEEE382B7030B2000520A4 /* Velvet.app */;
			productType = "com.apple.product-type.application";
		};
/* End PBXNativeTarget section */

/* Begin PBXProject section */
		0BCEEE302B7030B2000520A4 /* Project object */ = {
			isa = PBXProject;
			attributes = {
				BuildIndependentTargetsInParallel = 1;
				LastSwiftUpdateCheck = 1520;
				LastUpgradeCheck = 1520;
				TargetAttributes = {
					0BCEEE372B7030B2000520A4 = {
						CreatedOnToolsVersion = 15.2;
					};
				};
			};
			buildConfigurationList = 0BCEEE332B7030B2000520A4 /* Build configuration list for PBXProject "Velvet" */;
			compatibilityVersion = "Xcode 14.0";
			developmentRegion = en;
			hasScannedForEncodings = 0;
			knownRegions = (
				en,
				Base,
			);
			mainGroup = 0BCEEE2F2B7030B2000520A4;
			packageReferences = (
				0B93E24E2B7063DD00B099B2 /* XCRemoteSwiftPackageReference "firebase-ios-sdk" */,
			);
			productRefGroup = 0BCEEE392B7030B2000520A4 /* Products */;
			projectDirPath = "";
			projectRoot = "";
			targets = (
				0BCEEE372B7030B2000520A4 /* Velvet */,
			);
		};
/* End PBXProject section */

/* Begin PBXResourcesBuildPhase section */
		0BCEEE362B7030B2000520A4 /* Resources */ = {
			isa = PBXResourcesBuildPhase;
			buildActionMask = 2147483647;
			files = (
				0BCEEE432B7030B4000520A4 /* Preview Assets.xcassets in Resources */,
				0BCEEE402B7030B4000520A4 /* Assets.xcassets in Resources */,
				0B93E1DA2B70434900B099B2 /* GoogleService-Info.plist in Resources */,
			);
			runOnlyForDeploymentPostprocessing = 0;
		};
/* End PBXResourcesBuildPhase section */

/* Begin PBXSourcesBuildPhase section */
		0BCEEE342B7030B2000520A4 /* Sources */ = {
			isa = PBXSourcesBuildPhase;
			buildActionMask = 2147483647;
			files = (
				95EFB6902B77F4A600EB94D4 /* JobHome.swift in Sources */,
				0B93E2882B70687F00B099B2 /* Login.swift in Sources */,
				0BCEEE3E2B7030B2000520A4 /* ContentView.swift in Sources */,
				95EFB6922B77F4B100EB94D4 /* JobDetailView.swift in Sources */,
				0BCEEE3C2B7030B2000520A4 /* VelvetApp.swift in Sources */,
			);
			runOnlyForDeploymentPostprocessing = 0;
		};
/* End PBXSourcesBuildPhase section */

/* Begin XCBuildConfiguration section */
		0BCEEE442B7030B4000520A4 /* Debug */ = {
			isa = XCBuildConfiguration;
			buildSettings = {
				ALWAYS_SEARCH_USER_PATHS = NO;
				ASSETCATALOG_COMPILER_GENERATE_SWIFT_ASSET_SYMBOL_EXTENSIONS = YES;
				CLANG_ANALYZER_NONNULL = YES;
				CLANG_ANALYZER_NUMBER_OBJECT_CONVERSION = YES_AGGRESSIVE;
				CLANG_CXX_LANGUAGE_STANDARD = "gnu++20";
				CLANG_ENABLE_MODULES = YES;
				CLANG_ENABLE_OBJC_ARC = YES;
				CLANG_ENABLE_OBJC_WEAK = YES;
				CLANG_WARN_BLOCK_CAPTURE_AUTORELEASING = YES;
				CLANG_WARN_BOOL_CONVERSION = YES;
				CLANG_WARN_COMMA = YES;
				CLANG_WARN_CONSTANT_CONVERSION = YES;
				CLANG_WARN_DEPRECATED_OBJC_IMPLEMENTATIONS = YES;
				CLANG_WARN_DIRECT_OBJC_ISA_USAGE = YES_ERROR;
				CLANG_WARN_DOCUMENTATION_COMMENTS = YES;
				CLANG_WARN_EMPTY_BODY = YES;
				CLANG_WARN_ENUM_CONVERSION = YES;
				CLANG_WARN_INFINITE_RECURSION = YES;
				CLANG_WARN_INT_CONVERSION = YES;
				CLANG_WARN_NON_LITERAL_NULL_CONVERSION = YES;
				CLANG_WARN_OBJC_IMPLICIT_RETAIN_SELF = YES;
				CLANG_WARN_OBJC_LITERAL_CONVERSION = YES;
				CLANG_WARN_OBJC_ROOT_CLASS = YES_ERROR;
				CLANG_WARN_QUOTED_INCLUDE_IN_FRAMEWORK_HEADER = YES;
				CLANG_WARN_RANGE_LOOP_ANALYSIS = YES;
				CLANG_WARN_STRICT_PROTOTYPES = YES;
				CLANG_WARN_SUSPICIOUS_MOVE = YES;
				CLANG_WARN_UNGUARDED_AVAILABILITY = YES_AGGRESSIVE;
				CLANG_WARN_UNREACHABLE_CODE = YES;
				CLANG_WARN__DUPLICATE_METHOD_MATCH = YES;
				COPY_PHASE_STRIP = NO;
				DEBUG_INFORMATION_FORMAT = dwarf;
				ENABLE_STRICT_OBJC_MSGSEND = YES;
				ENABLE_TESTABILITY = YES;
				ENABLE_USER_SCRIPT_SANDBOXING = YES;
				GCC_C_LANGUAGE_STANDARD = gnu17;
				GCC_DYNAMIC_NO_PIC = NO;
				GCC_NO_COMMON_BLOCKS = YES;
				GCC_OPTIMIZATION_LEVEL = 0;
				GCC_PREPROCESSOR_DEFINITIONS = (
					"DEBUG=1",
					"$(inherited)",
				);
				GCC_WARN_64_TO_32_BIT_CONVERSION = YES;
				GCC_WARN_ABOUT_RETURN_TYPE = YES_ERROR;
				GCC_WARN_UNDECLARED_SELECTOR = YES;
				GCC_WARN_UNINITIALIZED_AUTOS = YES_AGGRESSIVE;
				GCC_WARN_UNUSED_FUNCTION = YES;
				GCC_WARN_UNUSED_VARIABLE = YES;
				IPHONEOS_DEPLOYMENT_TARGET = 17.2;
				LOCALIZATION_PREFERS_STRING_CATALOGS = YES;
				MTL_ENABLE_DEBUG_INFO = INCLUDE_SOURCE;
				MTL_FAST_MATH = YES;
				ONLY_ACTIVE_ARCH = YES;
				SDKROOT = iphoneos;
				SWIFT_ACTIVE_COMPILATION_CONDITIONS = "DEBUG $(inherited)";
				SWIFT_OPTIMIZATION_LEVEL = "-Onone";
			};
			name = Debug;
		};
		0BCEEE452B7030B4000520A4 /* Release */ = {
			isa = XCBuildConfiguration;
			buildSettings = {
				ALWAYS_SEARCH_USER_PATHS = NO;
				ASSETCATALOG_COMPILER_GENERATE_SWIFT_ASSET_SYMBOL_EXTENSIONS = YES;
				CLANG_ANALYZER_NONNULL = YES;
				CLANG_ANALYZER_NUMBER_OBJECT_CONVERSION = YES_AGGRESSIVE;
				CLANG_CXX_LANGUAGE_STANDARD = "gnu++20";
				CLANG_ENABLE_MODULES = YES;
				CLANG_ENABLE_OBJC_ARC = YES;
				CLANG_ENABLE_OBJC_WEAK = YES;
				CLANG_WARN_BLOCK_CAPTURE_AUTORELEASING = YES;
				CLANG_WARN_BOOL_CONVERSION = YES;
				CLANG_WARN_COMMA = YES;
				CLANG_WARN_CONSTANT_CONVERSION = YES;
				CLANG_WARN_DEPRECATED_OBJC_IMPLEMENTATIONS = YES;
				CLANG_WARN_DIRECT_OBJC_ISA_USAGE = YES_ERROR;
				CLANG_WARN_DOCUMENTATION_COMMENTS = YES;
				CLANG_WARN_EMPTY_BODY = YES;
				CLANG_WARN_ENUM_CONVERSION = YES;
				CLANG_WARN_INFINITE_RECURSION = YES;
				CLANG_WARN_INT_CONVERSION = YES;
				CLANG_WARN_NON_LITERAL_NULL_CONVERSION = YES;
				CLANG_WARN_OBJC_IMPLICIT_RETAIN_SELF = YES;
				CLANG_WARN_OBJC_LITERAL_CONVERSION = YES;
				CLANG_WARN_OBJC_ROOT_CLASS = YES_ERROR;
				CLANG_WARN_QUOTED_INCLUDE_IN_FRAMEWORK_HEADER = YES;
				CLANG_WARN_RANGE_LOOP_ANALYSIS = YES;
				CLANG_WARN_STRICT_PROTOTYPES = YES;
				CLANG_WARN_SUSPICIOUS_MOVE = YES;
				CLANG_WARN_UNGUARDED_AVAILABILITY = YES_AGGRESSIVE;
				CLANG_WARN_UNREACHABLE_CODE = YES;
				CLANG_WARN__DUPLICATE_METHOD_MATCH = YES;
				COPY_PHASE_STRIP = NO;
				DEBUG_INFORMATION_FORMAT = "dwarf-with-dsym";
				ENABLE_NS_ASSERTIONS = NO;
				ENABLE_STRICT_OBJC_MSGSEND = YES;
				ENABLE_USER_SCRIPT_SANDBOXING = YES;
				GCC_C_LANGUAGE_STANDARD = gnu17;
				GCC_NO_COMMON_BLOCKS = YES;
				GCC_WARN_64_TO_32_BIT_CONVERSION = YES;
				GCC_WARN_ABOUT_RETURN_TYPE = YES_ERROR;
				GCC_WARN_UNDECLARED_SELECTOR = YES;
				GCC_WARN_UNINITIALIZED_AUTOS = YES_AGGRESSIVE;
				GCC_WARN_UNUSED_FUNCTION = YES;
				GCC_WARN_UNUSED_VARIABLE = YES;
				IPHONEOS_DEPLOYMENT_TARGET = 17.2;
				LOCALIZATION_PREFERS_STRING_CATALOGS = YES;
				MTL_ENABLE_DEBUG_INFO = NO;
				MTL_FAST_MATH = YES;
				SDKROOT = iphoneos;
				SWIFT_COMPILATION_MODE = wholemodule;
				VALIDATE_PRODUCT = YES;
			};
			name = Release;
		};
		0BCEEE472B7030B4000520A4 /* Debug */ = {
			isa = XCBuildConfiguration;
			buildSettings = {
				ASSETCATALOG_COMPILER_APPICON_NAME = AppIcon;
				ASSETCATALOG_COMPILER_GLOBAL_ACCENT_COLOR_NAME = AccentColor;
				CODE_SIGN_STYLE = Automatic;
				CURRENT_PROJECT_VERSION = 1;
				DEVELOPMENT_ASSET_PATHS = "\"Velvet/Preview Content\"";
				DEVELOPMENT_TEAM = 853633F46N;
				ENABLE_PREVIEWS = YES;
				GENERATE_INFOPLIST_FILE = YES;
				INFOPLIST_KEY_UIApplicationSceneManifest_Generation = YES;
				INFOPLIST_KEY_UIApplicationSupportsIndirectInputEvents = YES;
				INFOPLIST_KEY_UILaunchScreen_Generation = YES;
				INFOPLIST_KEY_UISupportedInterfaceOrientations_iPad = "UIInterfaceOrientationPortrait UIInterfaceOrientationPortraitUpsideDown UIInterfaceOrientationLandscapeLeft UIInterfaceOrientationLandscapeRight";
				INFOPLIST_KEY_UISupportedInterfaceOrientations_iPhone = "UIInterfaceOrientationPortrait UIInterfaceOrientationLandscapeLeft UIInterfaceOrientationLandscapeRight";
				LD_RUNPATH_SEARCH_PATHS = (
					"$(inherited)",
					"@executable_path/Frameworks",
				);
				MARKETING_VERSION = 1.0;
				PRODUCT_BUNDLE_IDENTIFIER = MRHS.Velvet;
				PRODUCT_NAME = "$(TARGET_NAME)";
				SWIFT_EMIT_LOC_STRINGS = YES;
				SWIFT_VERSION = 5.0;
				TARGETED_DEVICE_FAMILY = "1,2";
			};
			name = Debug;
		};
		0BCEEE482B7030B4000520A4 /* Release */ = {
			isa = XCBuildConfiguration;
			buildSettings = {
				ASSETCATALOG_COMPILER_APPICON_NAME = AppIcon;
				ASSETCATALOG_COMPILER_GLOBAL_ACCENT_COLOR_NAME = AccentColor;
				CODE_SIGN_STYLE = Automatic;
				CURRENT_PROJECT_VERSION = 1;
				DEVELOPMENT_ASSET_PATHS = "\"Velvet/Preview Content\"";
				DEVELOPMENT_TEAM = 853633F46N;
				ENABLE_PREVIEWS = YES;
				GENERATE_INFOPLIST_FILE = YES;
				INFOPLIST_KEY_UIApplicationSceneManifest_Generation = YES;
				INFOPLIST_KEY_UIApplicationSupportsIndirectInputEvents = YES;
				INFOPLIST_KEY_UILaunchScreen_Generation = YES;
				INFOPLIST_KEY_UISupportedInterfaceOrientations_iPad = "UIInterfaceOrientationPortrait UIInterfaceOrientationPortraitUpsideDown UIInterfaceOrientationLandscapeLeft UIInterfaceOrientationLandscapeRight";
				INFOPLIST_KEY_UISupportedInterfaceOrientations_iPhone = "UIInterfaceOrientationPortrait UIInterfaceOrientationLandscapeLeft UIInterfaceOrientationLandscapeRight";
				LD_RUNPATH_SEARCH_PATHS = (
					"$(inherited)",
					"@executable_path/Frameworks",
				);
				MARKETING_VERSION = 1.0;
				PRODUCT_BUNDLE_IDENTIFIER = MRHS.Velvet;
				PRODUCT_NAME = "$(TARGET_NAME)";
				SWIFT_EMIT_LOC_STRINGS = YES;
				SWIFT_VERSION = 5.0;
				TARGETED_DEVICE_FAMILY = "1,2";
			};
			name = Release;
		};
/* End XCBuildConfiguration section */

/* Begin XCConfigurationList section */
		0BCEEE332B7030B2000520A4 /* Build configuration list for PBXProject "Velvet" */ = {
			isa = XCConfigurationList;
			buildConfigurations = (
				0BCEEE442B7030B4000520A4 /* Debug */,
				0BCEEE452B7030B4000520A4 /* Release */,
			);
			defaultConfigurationIsVisible = 0;
			defaultConfigurationName = Release;
		};
		0BCEEE462B7030B4000520A4 /* Build configuration list for PBXNativeTarget "Velvet" */ = {
			isa = XCConfigurationList;
			buildConfigurations = (
				0BCEEE472B7030B4000520A4 /* Debug */,
				0BCEEE482B7030B4000520A4 /* Release */,
			);
			defaultConfigurationIsVisible = 0;
			defaultConfigurationName = Release;
		};
/* End XCConfigurationList section */

/* Begin XCRemoteSwiftPackageReference section */
		0B93E24E2B7063DD00B099B2 /* XCRemoteSwiftPackageReference "firebase-ios-sdk" */ = {
			isa = XCRemoteSwiftPackageReference;
			repositoryURL = "https://github.com/firebase/firebase-ios-sdk";
			requirement = {
				kind = upToNextMajorVersion;
				minimumVersion = 10.20.0;
			};
		};
/* End XCRemoteSwiftPackageReference section */

/* Begin XCSwiftPackageProductDependency section */
		0B93E24F2B7063DD00B099B2 /* FirebaseAnalytics */ = {
			isa = XCSwiftPackageProductDependency;
			package = 0B93E24E2B7063DD00B099B2 /* XCRemoteSwiftPackageReference "firebase-ios-sdk" */;
			productName = FirebaseAnalytics;
		};
		0B93E2512B7063DD00B099B2 /* FirebaseAnalyticsOnDeviceConversion */ = {
			isa = XCSwiftPackageProductDependency;
			package = 0B93E24E2B7063DD00B099B2 /* XCRemoteSwiftPackageReference "firebase-ios-sdk" */;
			productName = FirebaseAnalyticsOnDeviceConversion;
		};
		0B93E2532B7063DD00B099B2 /* FirebaseAnalyticsSwift */ = {
			isa = XCSwiftPackageProductDependency;
			package = 0B93E24E2B7063DD00B099B2 /* XCRemoteSwiftPackageReference "firebase-ios-sdk" */;
			productName = FirebaseAnalyticsSwift;
		};
		0B93E2552B7063DD00B099B2 /* FirebaseAnalyticsWithoutAdIdSupport */ = {
			isa = XCSwiftPackageProductDependency;
			package = 0B93E24E2B7063DD00B099B2 /* XCRemoteSwiftPackageReference "firebase-ios-sdk" */;
			productName = FirebaseAnalyticsWithoutAdIdSupport;
		};
		0B93E2572B7063DD00B099B2 /* FirebaseAppCheck */ = {
			isa = XCSwiftPackageProductDependency;
			package = 0B93E24E2B7063DD00B099B2 /* XCRemoteSwiftPackageReference "firebase-ios-sdk" */;
			productName = FirebaseAppCheck;
		};
		0B93E2592B7063DD00B099B2 /* FirebaseAppDistribution-Beta */ = {
			isa = XCSwiftPackageProductDependency;
			package = 0B93E24E2B7063DD00B099B2 /* XCRemoteSwiftPackageReference "firebase-ios-sdk" */;
			productName = "FirebaseAppDistribution-Beta";
		};
		0B93E25B2B7063DD00B099B2 /* FirebaseAuth */ = {
			isa = XCSwiftPackageProductDependency;
			package = 0B93E24E2B7063DD00B099B2 /* XCRemoteSwiftPackageReference "firebase-ios-sdk" */;
			productName = FirebaseAuth;
		};
		0B93E25D2B7063DD00B099B2 /* FirebaseAuthCombine-Community */ = {
			isa = XCSwiftPackageProductDependency;
			package = 0B93E24E2B7063DD00B099B2 /* XCRemoteSwiftPackageReference "firebase-ios-sdk" */;
			productName = "FirebaseAuthCombine-Community";
		};
		0B93E25F2B7063DD00B099B2 /* FirebaseCrashlytics */ = {
			isa = XCSwiftPackageProductDependency;
			package = 0B93E24E2B7063DD00B099B2 /* XCRemoteSwiftPackageReference "firebase-ios-sdk" */;
			productName = FirebaseCrashlytics;
		};
		0B93E2612B7063DD00B099B2 /* FirebaseDatabase */ = {
			isa = XCSwiftPackageProductDependency;
			package = 0B93E24E2B7063DD00B099B2 /* XCRemoteSwiftPackageReference "firebase-ios-sdk" */;
			productName = FirebaseDatabase;
		};
		0B93E2632B7063DD00B099B2 /* FirebaseDatabaseSwift */ = {
			isa = XCSwiftPackageProductDependency;
			package = 0B93E24E2B7063DD00B099B2 /* XCRemoteSwiftPackageReference "firebase-ios-sdk" */;
			productName = FirebaseDatabaseSwift;
		};
		0B93E2652B7063DD00B099B2 /* FirebaseDynamicLinks */ = {
			isa = XCSwiftPackageProductDependency;
			package = 0B93E24E2B7063DD00B099B2 /* XCRemoteSwiftPackageReference "firebase-ios-sdk" */;
			productName = FirebaseDynamicLinks;
		};
		0B93E2672B7063DD00B099B2 /* FirebaseFirestore */ = {
			isa = XCSwiftPackageProductDependency;
			package = 0B93E24E2B7063DD00B099B2 /* XCRemoteSwiftPackageReference "firebase-ios-sdk" */;
			productName = FirebaseFirestore;
		};
		0B93E2692B7063DD00B099B2 /* FirebaseFirestoreCombine-Community */ = {
			isa = XCSwiftPackageProductDependency;
			package = 0B93E24E2B7063DD00B099B2 /* XCRemoteSwiftPackageReference "firebase-ios-sdk" */;
			productName = "FirebaseFirestoreCombine-Community";
		};
		0B93E26B2B7063DD00B099B2 /* FirebaseFirestoreSwift */ = {
			isa = XCSwiftPackageProductDependency;
			package = 0B93E24E2B7063DD00B099B2 /* XCRemoteSwiftPackageReference "firebase-ios-sdk" */;
			productName = FirebaseFirestoreSwift;
		};
		0B93E26D2B7063DD00B099B2 /* FirebaseFunctions */ = {
			isa = XCSwiftPackageProductDependency;
			package = 0B93E24E2B7063DD00B099B2 /* XCRemoteSwiftPackageReference "firebase-ios-sdk" */;
			productName = FirebaseFunctions;
		};
		0B93E26F2B7063DD00B099B2 /* FirebaseFunctionsCombine-Community */ = {
			isa = XCSwiftPackageProductDependency;
			package = 0B93E24E2B7063DD00B099B2 /* XCRemoteSwiftPackageReference "firebase-ios-sdk" */;
			productName = "FirebaseFunctionsCombine-Community";
		};
		0B93E2712B7063DD00B099B2 /* FirebaseInAppMessaging-Beta */ = {
			isa = XCSwiftPackageProductDependency;
			package = 0B93E24E2B7063DD00B099B2 /* XCRemoteSwiftPackageReference "firebase-ios-sdk" */;
			productName = "FirebaseInAppMessaging-Beta";
		};
		0B93E2732B7063DD00B099B2 /* FirebaseInAppMessagingSwift-Beta */ = {
			isa = XCSwiftPackageProductDependency;
			package = 0B93E24E2B7063DD00B099B2 /* XCRemoteSwiftPackageReference "firebase-ios-sdk" */;
			productName = "FirebaseInAppMessagingSwift-Beta";
		};
		0B93E2752B7063DD00B099B2 /* FirebaseInstallations */ = {
			isa = XCSwiftPackageProductDependency;
			package = 0B93E24E2B7063DD00B099B2 /* XCRemoteSwiftPackageReference "firebase-ios-sdk" */;
			productName = FirebaseInstallations;
		};
		0B93E2772B7063DD00B099B2 /* FirebaseMLModelDownloader */ = {
			isa = XCSwiftPackageProductDependency;
			package = 0B93E24E2B7063DD00B099B2 /* XCRemoteSwiftPackageReference "firebase-ios-sdk" */;
			productName = FirebaseMLModelDownloader;
		};
		0B93E2792B7063DD00B099B2 /* FirebaseMessaging */ = {
			isa = XCSwiftPackageProductDependency;
			package = 0B93E24E2B7063DD00B099B2 /* XCRemoteSwiftPackageReference "firebase-ios-sdk" */;
			productName = FirebaseMessaging;
		};
		0B93E27B2B7063DD00B099B2 /* FirebasePerformance */ = {
			isa = XCSwiftPackageProductDependency;
			package = 0B93E24E2B7063DD00B099B2 /* XCRemoteSwiftPackageReference "firebase-ios-sdk" */;
			productName = FirebasePerformance;
		};
		0B93E27D2B7063DD00B099B2 /* FirebaseRemoteConfig */ = {
			isa = XCSwiftPackageProductDependency;
			package = 0B93E24E2B7063DD00B099B2 /* XCRemoteSwiftPackageReference "firebase-ios-sdk" */;
			productName = FirebaseRemoteConfig;
		};
		0B93E27F2B7063DD00B099B2 /* FirebaseRemoteConfigSwift */ = {
			isa = XCSwiftPackageProductDependency;
			package = 0B93E24E2B7063DD00B099B2 /* XCRemoteSwiftPackageReference "firebase-ios-sdk" */;
			productName = FirebaseRemoteConfigSwift;
		};
		0B93E2812B7063DD00B099B2 /* FirebaseStorage */ = {
			isa = XCSwiftPackageProductDependency;
			package = 0B93E24E2B7063DD00B099B2 /* XCRemoteSwiftPackageReference "firebase-ios-sdk" */;
			productName = FirebaseStorage;
		};
		0B93E2832B7063DD00B099B2 /* FirebaseStorageCombine-Community */ = {
			isa = XCSwiftPackageProductDependency;
			package = 0B93E24E2B7063DD00B099B2 /* XCRemoteSwiftPackageReference "firebase-ios-sdk" */;
			productName = "FirebaseStorageCombine-Community";
		};
/* End XCSwiftPackageProductDependency section */
	};
	rootObject = 0BCEEE302B7030B2000520A4 /* Project object */;
}
